
Microsoft Visual Studio Solution File, Format Version 12.00
# Visual Studio 2012
Project("{FAE04EC0-301F-11D3-BF4B-00C04F79EFBC}") = "ICT13580061A", "ICT13580061A\ICT13580061A.csproj", "{146AFF7C-D829-43F0-9480-121FBDA4CA45}"
EndProject
Project("{FAE04EC0-301F-11D3-BF4B-00C04F79EFBC}") = "ICT13580061A.iOS", "iOS\ICT13580061A.iOS.csproj", "{7F527A9E-D6D6-419B-AA82-9B9033A6D4FB}"
EndProject
Project("{FAE04EC0-301F-11D3-BF4B-00C04F79EFBC}") = "ICT13580061A.Droid", "Droid\ICT13580061A.Droid.csproj", "{19416655-CA02-4D0E-B6FC-373C1317994B}"
EndProject
Project("{2150E333-8FDC-42A3-9474-1A3956D46DE8}") = "Solution Items", "Solution Items", "{33B83576-BAE6-45EA-8EF1-C1BF22F67A6C}"
EndProject
Global
	GlobalSection(SolutionConfigurationPlatforms) = preSolution
		Debug|Any CPU = Debug|Any CPU
		Release|Any CPU = Release|Any CPU
		Debug|iPhoneSimulator = Debug|iPhoneSimulator
		Release|iPhone = Release|iPhone
		Release|iPhoneSimulator = Release|iPhoneSimulator
		Debug|iPhone = Debug|iPhone
	EndGlobalSection
	GlobalSection(ProjectConfigurationPlatforms) = postSolution
		{146AFF7C-D829-43F0-9480-121FBDA4CA45}.Debug|Any CPU.ActiveCfg = Debug|Any CPU
		{146AFF7C-D829-43F0-9480-121FBDA4CA45}.Debug|Any CPU.Build.0 = Debug|Any CPU
		{146AFF7C-D829-43F0-9480-121FBDA4CA45}.Release|Any CPU.ActiveCfg = Release|Any CPU
		{146AFF7C-D829-43F0-9480-121FBDA4CA45}.Release|Any CPU.Build.0 = Release|Any CPU
		{146AFF7C-D829-43F0-9480-121FBDA4CA45}.Debug|iPhoneSimulator.ActiveCfg = Debug|Any CPU
		{146AFF7C-D829-43F0-9480-121FBDA4CA45}.Debug|iPhoneSimulator.Build.0 = Debug|Any CPU
		{146AFF7C-D829-43F0-9480-121FBDA4CA45}.Release|iPhone.ActiveCfg = Release|Any CPU
		{146AFF7C-D829-43F0-9480-121FBDA4CA45}.Release|iPhone.Build.0 = Release|Any CPU
		{146AFF7C-D829-43F0-9480-121FBDA4CA45}.Release|iPhoneSimulator.ActiveCfg = Release|Any CPU
		{146AFF7C-D829-43F0-9480-121FBDA4CA45}.Release|iPhoneSimulator.Build.0 = Release|Any CPU
		{146AFF7C-D829-43F0-9480-121FBDA4CA45}.Debug|iPhone.ActiveCfg = Debug|Any CPU
		{146AFF7C-D829-43F0-9480-121FBDA4CA45}.Debug|iPhone.Build.0 = Debug|Any CPU
		{7F527A9E-D6D6-419B-AA82-9B9033A6D4FB}.Debug|Any CPU.ActiveCfg = Debug|iPhoneSimulator
		{7F527A9E-D6D6-419B-AA82-9B9033A6D4FB}.Debug|Any CPU.Build.0 = Debug|iPhoneSimulator
		{7F527A9E-D6D6-419B-AA82-9B9033A6D4FB}.Release|Any CPU.ActiveCfg = Release|iPhone
		{7F527A9E-D6D6-419B-AA82-9B9033A6D4FB}.Release|Any CPU.Build.0 = Release|iPhone
		{7F527A9E-D6D6-419B-AA82-9B9033A6D4FB}.Debug|iPhoneSimulator.ActiveCfg = Debug|iPhoneSimulator
		{7F527A9E-D6D6-419B-AA82-9B9033A6D4FB}.Debug|iPhoneSimulator.Build.0 = Debug|iPhoneSimulator
		{7F527A9E-D6D6-419B-AA82-9B9033A6D4FB}.Release|iPhone.ActiveCfg = Release|iPhone
		{7F527A9E-D6D6-419B-AA82-9B9033A6D4FB}.Release|iPhone.Build.0 = Release|iPhone
		{7F527A9E-D6D6-419B-AA82-9B9033A6D4FB}.Release|iPhoneSimulator.ActiveCfg = Release|iPhoneSimulator
		{7F527A9E-D6D6-419B-AA82-9B9033A6D4FB}.Release|iPhoneSimulator.Build.0 = Release|iPhoneSimulator
		{7F527A9E-D6D6-419B-AA82-9B9033A6D4FB}.Debug|iPhone.ActiveCfg = Debug|iPhone
		{7F527A9E-D6D6-419B-AA82-9B9033A6D4FB}.Debug|iPhone.Build.0 = Debug|iPhone
		{19416655-CA02-4D0E-B6FC-373C1317994B}.Debug|Any CPU.ActiveCfg = Debug|Any CPU
		{19416655-CA02-4D0E-B6FC-373C1317994B}.Debug|Any CPU.Build.0 = Debug|Any CPU
		{19416655-CA02-4D0E-B6FC-373C1317994B}.Release|Any CPU.ActiveCfg = Release|Any CPU
		{19416655-CA02-4D0E-B6FC-373C1317994B}.Release|Any CPU.Build.0 = Release|Any CPU
		{19416655-CA02-4D0E-B6FC-373C1317994B}.Debug|iPhoneSimulator.ActiveCfg = Debug|Any CPU
		{19416655-CA02-4D0E-B6FC-373C1317994B}.Debug|iPhoneSimulator.Build.0 = Debug|Any CPU
		{19416655-CA02-4D0E-B6FC-373C1317994B}.Release|iPhone.ActiveCfg = Release|Any CPU
		{19416655-CA02-4D0E-B6FC-373C1317994B}.Release|iPhone.Build.0 = Release|Any CPU
		{19416655-CA02-4D0E-B6FC-373C1317994B}.Release|iPhoneSimulator.ActiveCfg = Release|Any CPU
		{19416655-CA02-4D0E-B6FC-373C1317994B}.Release|iPhoneSimulator.Build.0 = Release|Any CPU
		{19416655-CA02-4D0E-B6FC-373C1317994B}.Debug|iPhone.ActiveCfg = Debug|Any CPU
		{19416655-CA02-4D0E-B6FC-373C1317994B}.Debug|iPhone.Build.0 = Debug|Any CPU
	EndGlobalSection
EndGlobal
